PODS:
  - Alamofire (5.4.3)
  - ESPullToRefresh (2.9.3)
  - FDFullscreenPopGesture (1.1)
  - IQKeyboardManagerSwift (6.5.6)
  - Kingfisher (6.3.0)
  - MBProgressHUD (1.2.0)
  - SnapKit (5.0.1)

DEPENDENCIES:
  - Alamofire (~> 5.2)
  - ESPullToRefresh
  - FDFullscreenPopGesture
  - IQKeyboardManagerSwift
  - Kingfisher (~> 6.0)
  - MBProgressHUD
  - SnapKit

SPEC REPOS:
  https://github.com/CocoaPods/Specs.git:
    - Alamofire
    - ESPullToRefresh
    - FDFullscreenPopGesture
    - IQKeyboardManagerSwift
    - Kingfisher
    - MBProgressHUD
    - SnapKit

SPEC CHECKSUMS:
  Alamofire: e447a2774a40c996748296fa2c55112fdbbc42f9
  ESPullToRefresh: 0d68daa602b343c81753a1b95e09fd0bfcddfd40
  FDFullscreenPopGesture: a8a620179e3d9c40e8e00256dcee1c1a27c6d0f0
  IQKeyboardManagerSwift: c7df9d2deb356c04522f5c4b7b6e4ce4d8ed94fe
  Kingfisher: 6c3df386db71d82c0817a429d2c9421a77396529
  MBProgressHUD: 3ee5efcc380f6a79a7cc9b363dd669c5e1ae7406
  SnapKit: 97b92857e3df3a0c71833cce143274bf6ef8e5eb

PODFILE CHECKSUM: 7effa6780634b82cb80e81464828e26970e0cd2f

COCOAPODS: 1.10.1
